
Microsoft Visual Studio Solution File, Format Version 12.00
# Visual Studio Version 17
VisualStudioVersion = 17.8.34330.188
MinimumVisualStudioVersion = 10.0.40219.1
Project("{FAE04EC0-301F-11D3-BF4B-00C04F79EFBC}") = "Nim", "Nim\Nim.csproj", "{9E6F43F8-4C81-4E8E-8D43-FE4B31C904CF}"
EndProject
Global
	GlobalSection(SolutionConfigurationPlatforms) = preSolution
		Debug|Any CPU = Debug|Any CPU
		Release|Any CPU = Release|Any CPU
	EndGlobalSection
	GlobalSection(ProjectConfigurationPlatforms) = postSolution
		{9E6F43F8-4C81-4E8E-8D43-FE4B31C904CF}.Debug|Any CPU.ActiveCfg = Debug|Any CPU
		{9E6F43F8-4C81-4E8E-8D43-FE4B31C904CF}.Debug|Any CPU.Build.0 = Debug|Any CPU
		{9E6F43F8-4C81-4E8E-8D43-FE4B31C904CF}.Release|Any CPU.ActiveCfg = Release|Any CPU
		{9E6F43F8-4C81-4E8E-8D43-FE4B31C904CF}.Release|Any CPU.Build.0 = Release|Any CPU
	EndGlobalSection
	GlobalSection(SolutionProperties) = preSolution
		HideSolutionNode = FALSE
	EndGlobalSection
	GlobalSection(ExtensibilityGlobals) = postSolution
		SolutionGuid = {243F1FEF-72EF-4130-967F-59CFEEFBF7A7}
	EndGlobalSection
EndGlobal
